
Microsoft Visual Studio Solution File, Format Version 12.00
# Visual Studio 15
VisualStudioVersion = 15.0.28307.489
MinimumVisualStudioVersion = 10.0.40219.1
Project("{FAE04EC0-301F-11D3-BF4B-00C04F79EFBC}") = "WebApplication3", "WebApplication3\WebApplication3.csproj", "{7F6B6867-9DCE-433B-ADAE-48A8D94BD387}"
EndProject
Global
	GlobalSection(SolutionConfigurationPlatforms) = preSolution
		Debug|Any CPU = Debug|Any CPU
		Release|Any CPU = Release|Any CPU
	EndGlobalSection
	GlobalSection(ProjectConfigurationPlatforms) = postSolution
		{7F6B6867-9DCE-433B-ADAE-48A8D94BD387}.Debug|Any CPU.ActiveCfg = Debug|Any CPU
		{7F6B6867-9DCE-433B-ADAE-48A8D94BD387}.Debug|Any CPU.Build.0 = Debug|Any CPU
		{7F6B6867-9DCE-433B-ADAE-48A8D94BD387}.Release|Any CPU.ActiveCfg = Release|Any CPU
		{7F6B6867-9DCE-433B-ADAE-48A8D94BD387}.Release|Any CPU.Build.0 = Release|Any CPU
	EndGlobalSection
	GlobalSection(SolutionProperties) = preSolution
		HideSolutionNode = FALSE
	EndGlobalSection
	GlobalSection(ExtensibilityGlobals) = postSolution
		SolutionGuid = {8C0A1EF9-7410-4395-B721-3DA487793DB3}
	EndGlobalSection
EndGlobal
