
Microsoft Visual Studio Solution File, Format Version 12.00
# Visual Studio 15
VisualStudioVersion = 15.0.28307.329
MinimumVisualStudioVersion = 10.0.40219.1
Project("{8BC9CEB8-8B4A-11D0-8D11-00A0C91BC942}") = "Question12", "Question12\Question12.vcxproj", "{6FEB25CF-2398-4EF5-871C-D738AF3BF7F1}"
EndProject
Global
	GlobalSection(SolutionConfigurationPlatforms) = preSolution
		Debug|x64 = Debug|x64
		Debug|x86 = Debug|x86
		Release|x64 = Release|x64
		Release|x86 = Release|x86
	EndGlobalSection
	GlobalSection(ProjectConfigurationPlatforms) = postSolution
		{6FEB25CF-2398-4EF5-871C-D738AF3BF7F1}.Debug|x64.ActiveCfg = Debug|x64
		{6FEB25CF-2398-4EF5-871C-D738AF3BF7F1}.Debug|x64.Build.0 = Debug|x64
		{6FEB25CF-2398-4EF5-871C-D738AF3BF7F1}.Debug|x86.ActiveCfg = Debug|Win32
		{6FEB25CF-2398-4EF5-871C-D738AF3BF7F1}.Debug|x86.Build.0 = Debug|Win32
		{6FEB25CF-2398-4EF5-871C-D738AF3BF7F1}.Release|x64.ActiveCfg = Release|x64
		{6FEB25CF-2398-4EF5-871C-D738AF3BF7F1}.Release|x64.Build.0 = Release|x64
		{6FEB25CF-2398-4EF5-871C-D738AF3BF7F1}.Release|x86.ActiveCfg = Release|Win32
		{6FEB25CF-2398-4EF5-871C-D738AF3BF7F1}.Release|x86.Build.0 = Release|Win32
	EndGlobalSection
	GlobalSection(SolutionProperties) = preSolution
		HideSolutionNode = FALSE
	EndGlobalSection
	GlobalSection(ExtensibilityGlobals) = postSolution
		SolutionGuid = {BE5D3B06-22FD-44B2-93EF-842095A0CAC8}
	EndGlobalSection
EndGlobal
