
Microsoft Visual Studio Solution File, Format Version 12.00
# Visual Studio 15
VisualStudioVersion = 15.0.28307.329
MinimumVisualStudioVersion = 10.0.40219.1
Project("{8BC9CEB8-8B4A-11D0-8D11-00A0C91BC942}") = "Question10", "Question10\Question10.vcxproj", "{B2A8A8FB-08C1-412B-966E-E537FD321379}"
EndProject
Global
	GlobalSection(SolutionConfigurationPlatforms) = preSolution
		Debug|x64 = Debug|x64
		Debug|x86 = Debug|x86
		Release|x64 = Release|x64
		Release|x86 = Release|x86
	EndGlobalSection
	GlobalSection(ProjectConfigurationPlatforms) = postSolution
		{B2A8A8FB-08C1-412B-966E-E537FD321379}.Debug|x64.ActiveCfg = Debug|x64
		{B2A8A8FB-08C1-412B-966E-E537FD321379}.Debug|x64.Build.0 = Debug|x64
		{B2A8A8FB-08C1-412B-966E-E537FD321379}.Debug|x86.ActiveCfg = Debug|Win32
		{B2A8A8FB-08C1-412B-966E-E537FD321379}.Debug|x86.Build.0 = Debug|Win32
		{B2A8A8FB-08C1-412B-966E-E537FD321379}.Release|x64.ActiveCfg = Release|x64
		{B2A8A8FB-08C1-412B-966E-E537FD321379}.Release|x64.Build.0 = Release|x64
		{B2A8A8FB-08C1-412B-966E-E537FD321379}.Release|x86.ActiveCfg = Release|Win32
		{B2A8A8FB-08C1-412B-966E-E537FD321379}.Release|x86.Build.0 = Release|Win32
	EndGlobalSection
	GlobalSection(SolutionProperties) = preSolution
		HideSolutionNode = FALSE
	EndGlobalSection
	GlobalSection(ExtensibilityGlobals) = postSolution
		SolutionGuid = {3B2BAB17-2243-45D7-ADE6-96A1103E2303}
	EndGlobalSection
EndGlobal
