
Microsoft Visual Studio Solution File, Format Version 12.00
# Visual Studio 15
VisualStudioVersion = 15.0.28307.329
MinimumVisualStudioVersion = 10.0.40219.1
Project("{8BC9CEB8-8B4A-11D0-8D11-00A0C91BC942}") = "BST", "BST\BST.vcxproj", "{946CF846-BA05-4F76-83F8-A315DCB8AA06}"
EndProject
Global
	GlobalSection(SolutionConfigurationPlatforms) = preSolution
		Debug|x64 = Debug|x64
		Debug|x86 = Debug|x86
		Release|x64 = Release|x64
		Release|x86 = Release|x86
	EndGlobalSection
	GlobalSection(ProjectConfigurationPlatforms) = postSolution
		{946CF846-BA05-4F76-83F8-A315DCB8AA06}.Debug|x64.ActiveCfg = Debug|x64
		{946CF846-BA05-4F76-83F8-A315DCB8AA06}.Debug|x64.Build.0 = Debug|x64
		{946CF846-BA05-4F76-83F8-A315DCB8AA06}.Debug|x86.ActiveCfg = Debug|Win32
		{946CF846-BA05-4F76-83F8-A315DCB8AA06}.Debug|x86.Build.0 = Debug|Win32
		{946CF846-BA05-4F76-83F8-A315DCB8AA06}.Release|x64.ActiveCfg = Release|x64
		{946CF846-BA05-4F76-83F8-A315DCB8AA06}.Release|x64.Build.0 = Release|x64
		{946CF846-BA05-4F76-83F8-A315DCB8AA06}.Release|x86.ActiveCfg = Release|Win32
		{946CF846-BA05-4F76-83F8-A315DCB8AA06}.Release|x86.Build.0 = Release|Win32
	EndGlobalSection
	GlobalSection(SolutionProperties) = preSolution
		HideSolutionNode = FALSE
	EndGlobalSection
	GlobalSection(ExtensibilityGlobals) = postSolution
		SolutionGuid = {D4A8915A-F22C-412D-9F31-9F1325B1D29E}
	EndGlobalSection
EndGlobal
