
Microsoft Visual Studio Solution File, Format Version 12.00
# Visual Studio 15
VisualStudioVersion = 15.0.28307.329
MinimumVisualStudioVersion = 10.0.40219.1
Project("{8BC9CEB8-8B4A-11D0-8D11-00A0C91BC942}") = "Solution", "Solution\Solution.vcxproj", "{1C4B6CC3-C72C-4436-9AF9-DE84532268C9}"
EndProject
Project("{8BC9CEB8-8B4A-11D0-8D11-00A0C91BC942}") = "Shorthand", "Shorthand\Shorthand.vcxproj", "{0C8562A0-D5B5-4A4A-9B0D-5EB00C5365D9}"
EndProject
Global
	GlobalSection(SolutionConfigurationPlatforms) = preSolution
		Debug|x64 = Debug|x64
		Debug|x86 = Debug|x86
		Release|x64 = Release|x64
		Release|x86 = Release|x86
	EndGlobalSection
	GlobalSection(ProjectConfigurationPlatforms) = postSolution
		{1C4B6CC3-C72C-4436-9AF9-DE84532268C9}.Debug|x64.ActiveCfg = Debug|x64
		{1C4B6CC3-C72C-4436-9AF9-DE84532268C9}.Debug|x64.Build.0 = Debug|x64
		{1C4B6CC3-C72C-4436-9AF9-DE84532268C9}.Debug|x86.ActiveCfg = Debug|Win32
		{1C4B6CC3-C72C-4436-9AF9-DE84532268C9}.Debug|x86.Build.0 = Debug|Win32
		{1C4B6CC3-C72C-4436-9AF9-DE84532268C9}.Release|x64.ActiveCfg = Release|x64
		{1C4B6CC3-C72C-4436-9AF9-DE84532268C9}.Release|x64.Build.0 = Release|x64
		{1C4B6CC3-C72C-4436-9AF9-DE84532268C9}.Release|x86.ActiveCfg = Release|Win32
		{1C4B6CC3-C72C-4436-9AF9-DE84532268C9}.Release|x86.Build.0 = Release|Win32
		{0C8562A0-D5B5-4A4A-9B0D-5EB00C5365D9}.Debug|x64.ActiveCfg = Debug|x64
		{0C8562A0-D5B5-4A4A-9B0D-5EB00C5365D9}.Debug|x64.Build.0 = Debug|x64
		{0C8562A0-D5B5-4A4A-9B0D-5EB00C5365D9}.Debug|x86.ActiveCfg = Debug|Win32
		{0C8562A0-D5B5-4A4A-9B0D-5EB00C5365D9}.Debug|x86.Build.0 = Debug|Win32
		{0C8562A0-D5B5-4A4A-9B0D-5EB00C5365D9}.Release|x64.ActiveCfg = Release|x64
		{0C8562A0-D5B5-4A4A-9B0D-5EB00C5365D9}.Release|x64.Build.0 = Release|x64
		{0C8562A0-D5B5-4A4A-9B0D-5EB00C5365D9}.Release|x86.ActiveCfg = Release|Win32
		{0C8562A0-D5B5-4A4A-9B0D-5EB00C5365D9}.Release|x86.Build.0 = Release|Win32
	EndGlobalSection
	GlobalSection(SolutionProperties) = preSolution
		HideSolutionNode = FALSE
	EndGlobalSection
	GlobalSection(ExtensibilityGlobals) = postSolution
		SolutionGuid = {FE5982DB-4032-4BEC-A5EA-13A744431C55}
	EndGlobalSection
EndGlobal
